{
  "name": "aaaaa",
  "version": "1.0.0",
  "lockfileVersion": 3,
  "requires": true,
  "packages": {
    "": {
      "name": "aaaaa",
      "version": "1.0.0",
      "license": "ISC",
      "dependencies": {
        "immer": "^10.0.2",
        "typescript": "^5.1.3",
        "uuid": "^9.0.0",
        "zustand": "^4.3.8"
      },
      "devDependencies": {
        "@types/uuid": "^9.0.2"
      }
    },
    "node_modules/@types/uuid": {
      "version": "9.0.2",
      "resolved": "https://registry.npmjs.org/@types/uuid/-/uuid-9.0.2.tgz",
      "integrity": "sha512-kNnC1GFBLuhImSnV7w4njQkUiJi0ZXUycu1rUaouPqiKlXkh77JKgdRnTAp1x5eBwcIwbtI+3otwzuIDEuDoxQ==",
      "dev": true
    },
    "node_modules/immer": {
      "version": "10.0.2",
      "resolved": "https://registry.npmjs.org/immer/-/immer-10.0.2.tgz",
      "integrity": "sha512-Rx3CqeqQ19sxUtYV9CU911Vhy8/721wRFnJv3REVGWUmoAcIwzifTsdmJte/MV+0/XpM35LZdQMBGkRIoLPwQA==",
      "funding": {
        "type": "opencollective",
        "url": "https://opencollective.com/immer"
      }
    },
    "node_modules/js-tokens": {
      "version": "4.0.0",
      "resolved": "https://registry.npmjs.org/js-tokens/-/js-tokens-4.0.0.tgz",
      "integrity": "sha512-RdJUflcE3cUzKiMqQgsCu06FPu9UdIJO0beYbPhHN4k6apgJtifcoCtT9bcxOpYBtpD2kCM6Sbzg4CausW/PKQ==",
      "peer": true
    },
    "node_modules/loose-envify": {
      "version": "1.4.0",
      "resolved": "https://registry.npmjs.org/loose-envify/-/loose-envify-1.4.0.tgz",
      "integrity": "sha512-lyuxPGr/Wfhrlem2CL/UcnUc1zcqKAImBDzukY7Y5F/yQiNdko6+fRLevlw1HgMySw7f611UIY408EtxRSoK3Q==",
      "peer": true,
      "dependencies": {
        "js-tokens": "^3.0.0 || ^4.0.0"
      },
      "bin": {
        "loose-envify": "cli.js"
      }
    },
    "node_modules/react": {
      "version": "18.2.0",
      "resolved": "https://registry.npmjs.org/react/-/react-18.2.0.tgz",
      "integrity": "sha512-/3IjMdb2L9QbBdWiW5e3P2/npwMBaU9mHCSCUzNln0ZCYbcfTsGbTJrU/kGemdH2IWmB2ioZ+zkxtmq6g09fGQ==",
      "peer": true,
      "dependencies": {
        "loose-envify": "^1.1.0"
      },
      "engines": {
        "node": ">=0.10.0"
      }
    },
    "node_modules/typescript": {
      "version": "5.1.3",
      "resolved": "https://registry.npmjs.org/typescript/-/typescript-5.1.3.tgz",
      "integrity": "sha512-XH627E9vkeqhlZFQuL+UsyAXEnibT0kWR2FWONlr4sTjvxyJYnyefgrkyECLzM5NenmKzRAy2rR/OlYLA1HkZw==",
      "bin": {
        "tsc": "bin/tsc",
        "tsserver": "bin/tsserver"
      },
      "engines": {
        "node": ">=14.17"
      }
    },
    "node_modules/use-sync-external-store": {
      "version": "1.2.0",
      "resolved": "https://registry.npmjs.org/use-sync-external-store/-/use-sync-external-store-1.2.0.tgz",
      "integrity": "sha512-eEgnFxGQ1Ife9bzYs6VLi8/4X6CObHMw9Qr9tPY43iKwsPw8xE8+EFsf/2cFZ5S3esXgpWgtSCtLNS41F+sKPA==",
      "peerDependencies": {
        "react": "^16.8.0 || ^17.0.0 || ^18.0.0"
      }
    },
    "node_modules/uuid": {
      "version": "9.0.0",
      "resolved": "https://registry.npmjs.org/uuid/-/uuid-9.0.0.tgz",
      "integrity": "sha512-MXcSTerfPa4uqyzStbRoTgt5XIe3x5+42+q1sDuy3R5MDk66URdLMOZe5aPX/SQd+kuYAh0FdP/pO28IkQyTeg==",
      "bin": {
        "uuid": "dist/bin/uuid"
      }
    },
    "node_modules/zustand": {
      "version": "4.3.8",
      "resolved": "https://registry.npmjs.org/zustand/-/zustand-4.3.8.tgz",
      "integrity": "sha512-4h28KCkHg5ii/wcFFJ5Fp+k1J3gJoasaIbppdgZFO4BPJnsNxL0mQXBSFgOgAdCdBj35aDTPvdAJReTMntFPGg==",
      "dependencies": {
        "use-sync-external-store": "1.2.0"
      },
      "engines": {
        "node": ">=12.7.0"
      },
      "peerDependencies": {
        "immer": ">=9.0",
        "react": ">=16.8"
      },
      "peerDependenciesMeta": {
        "immer": {
          "optional": true
        },
        "react": {
          "optional": true
        }
      }
    }
  }
}
